
Microsoft Visual Studio Solution File, Format Version 10.00
# Visual Studio 2008
Project("{8BC9CEB8-8B4A-11D0-8D11-00A0C91BC942}") = "cbl", "cbl.vcproj", "{01B88FDE-D638-4643-9AB8-495ED4F124DE}"
EndProject
Project("{8BC9CEB8-8B4A-11D0-8D11-00A0C91BC942}") = "demo", "demo.vcproj", "{CEE48114-61BD-48D6-B6C7-A749E4AC401D}"
EndProject
Global
	GlobalSection(SolutionConfigurationPlatforms) = preSolution
		Debug|Win32 = Debug|Win32
		Release|Win32 = Release|Win32
	EndGlobalSection
	GlobalSection(ProjectConfigurationPlatforms) = postSolution
		{01B88FDE-D638-4643-9AB8-495ED4F124DE}.Debug|Win32.ActiveCfg = Debug|Win32
		{01B88FDE-D638-4643-9AB8-495ED4F124DE}.Debug|Win32.Build.0 = Debug|Win32
		{01B88FDE-D638-4643-9AB8-495ED4F124DE}.Release|Win32.ActiveCfg = Release|Win32
		{01B88FDE-D638-4643-9AB8-495ED4F124DE}.Release|Win32.Build.0 = Release|Win32
		{CEE48114-61BD-48D6-B6C7-A749E4AC401D}.Debug|Win32.ActiveCfg = Debug|Win32
		{CEE48114-61BD-48D6-B6C7-A749E4AC401D}.Debug|Win32.Build.0 = Debug|Win32
		{CEE48114-61BD-48D6-B6C7-A749E4AC401D}.Release|Win32.ActiveCfg = Release|Win32
		{CEE48114-61BD-48D6-B6C7-A749E4AC401D}.Release|Win32.Build.0 = Release|Win32
	EndGlobalSection
	GlobalSection(SolutionProperties) = preSolution
		HideSolutionNode = FALSE
	EndGlobalSection
EndGlobal
